# This file was autogenerated by Stack.
# You should not edit this file by hand.
# For more information, please see the documentation at:
#   https://docs.haskellstack.org/en/stable/lock_files

packages:
- completed:
    commit: fd384dfe1d5573f7e431ff101991f1f777bbf7ae
    git: https://github.com/lugendre/path-io-effectful.git
    name: path-io-effectful
    pantry-tree:
      sha256: 72b81cc09183a64a501c72d5c47350f57b87a843b5193defdbcf9b7f969c5050
      size: 1156
    version: 0.1.0.0
  original:
    commit: fd384dfe1d5573f7e431ff101991f1f777bbf7ae
    git: https://github.com/lugendre/path-io-effectful.git
- completed:
    commit: 369879e5684b4e6720732d5ef3d8c6d34e257656
    git: https://github.com/lugendre/rio-log-effectful.git
    name: rio-log-effectful
    pantry-tree:
      sha256: db2786abfc55315ba1fdf5fa6eb5f53267313d026b26b0d6c474c6c49650d42f
      size: 711
    version: 0.1.0.0
  original:
    commit: 369879e5684b4e6720732d5ef3d8c6d34e257656
    git: https://github.com/lugendre/rio-log-effectful.git
- completed:
    hackage: typed-process-effectful-1.0.0.1@sha256:a49b9b4ffb2bb1be80ad6462322ea5bb4b3819a8ba3eac2a6ca58bd0da21c92e,2078
    pantry-tree:
      sha256: 050366c05009fc7eca36428bab3bd58f3a065eb5767e50652480b7fbb775b871
      size: 404
  original:
    hackage: typed-process-effectful-1.0.0.1@sha256:a49b9b4ffb2bb1be80ad6462322ea5bb4b3819a8ba3eac2a6ca58bd0da21c92e,2078
snapshots:
- completed:
    sha256: 2fdd7d3e54540062ef75ca0a73ca3a804c527dbf8a4cadafabf340e66ac4af40
    size: 712469
    url: https://raw.githubusercontent.com/commercialhaskell/stackage-snapshots/master/lts/22/11.yaml
  original:
    url: https://raw.githubusercontent.com/commercialhaskell/stackage-snapshots/master/lts/22/11.yaml
