# This file was autogenerated by Stack.
# You should not edit this file by hand.
# For more information, please see the documentation at:
#   https://docs.haskellstack.org/en/stable/lock_files

packages:
- completed:
    commit: fd384dfe1d5573f7e431ff101991f1f777bbf7ae
    git: https://github.com/lugendre/path-io-effectful.git
    name: path-io-effectful
    pantry-tree:
      sha256: 72b81cc09183a64a501c72d5c47350f57b87a843b5193defdbcf9b7f969c5050
      size: 1156
    version: 0.1.0.0
  original:
    commit: fd384dfe1d5573f7e431ff101991f1f777bbf7ae
    git: https://github.com/lugendre/path-io-effectful.git
- completed:
    commit: 6676aba85fe5921944474534f0597acf6f618c00
    git: https://github.com/lugendre/rio-log-effectful.git
    name: rio-log-effectful
    pantry-tree:
      sha256: a3476e3df9c612211850ba41ccf996c925425cbb2083951a4ee96dad03c7d355
      size: 712
    version: 0.1.0.0
  original:
    commit: 6676aba85fe5921944474534f0597acf6f618c00
    git: https://github.com/lugendre/rio-log-effectful.git
snapshots:
- completed:
    sha256: 2fdd7d3e54540062ef75ca0a73ca3a804c527dbf8a4cadafabf340e66ac4af40
    size: 712469
    url: https://raw.githubusercontent.com/commercialhaskell/stackage-snapshots/master/lts/22/11.yaml
  original:
    url: https://raw.githubusercontent.com/commercialhaskell/stackage-snapshots/master/lts/22/11.yaml
